
Microsoft Visual Studio Solution File, Format Version 12.00
# Visual Studio Version 17
VisualStudioVersion = 17.4.33213.308
MinimumVisualStudioVersion = 10.0.40219.1
Project("{FAE04EC0-301F-11D3-BF4B-00C04F79EFBC}") = "Logiwa.ProductManagement", "Logiwa.ProductManagement\Logiwa.ProductManagement.csproj", "{C3282A2A-8D1F-4B03-802B-14D543252BE1}"
EndProject
Global
	GlobalSection(SolutionConfigurationPlatforms) = preSolution
		Debug|Any CPU = Debug|Any CPU
		Release|Any CPU = Release|Any CPU
	EndGlobalSection
	GlobalSection(ProjectConfigurationPlatforms) = postSolution
		{C3282A2A-8D1F-4B03-802B-14D543252BE1}.Debug|Any CPU.ActiveCfg = Debug|Any CPU
		{C3282A2A-8D1F-4B03-802B-14D543252BE1}.Debug|Any CPU.Build.0 = Debug|Any CPU
		{C3282A2A-8D1F-4B03-802B-14D543252BE1}.Release|Any CPU.ActiveCfg = Release|Any CPU
		{C3282A2A-8D1F-4B03-802B-14D543252BE1}.Release|Any CPU.Build.0 = Release|Any CPU
	EndGlobalSection
	GlobalSection(SolutionProperties) = preSolution
		HideSolutionNode = FALSE
	EndGlobalSection
	GlobalSection(ExtensibilityGlobals) = postSolution
		SolutionGuid = {B63FB65B-256E-47E3-87DE-6C83FF8EF5FF}
	EndGlobalSection
EndGlobal
